// !$*UTF8*$!
{
	archiveVersion = 1;
	classes = {
	};
	objectVersion = 55;
	objects = {

/* Begin PBXBuildFile section */
		FA55192327060545000F2E89 /* LearningApp.swift in Sources */ = {isa = PBXBuildFile; fileRef = FA55192227060545000F2E89 /* LearningApp.swift */; };
		FA55192727060546000F2E89 /* Assets.xcassets in Resources */ = {isa = PBXBuildFile; fileRef = FA55192627060546000F2E89 /* Assets.xcassets */; };
		FA55192A27060546000F2E89 /* Preview Assets.xcassets in Resources */ = {isa = PBXBuildFile; fileRef = FA55192927060546000F2E89 /* Preview Assets.xcassets */; };
		FA55193127060582000F2E89 /* HomeView.swift in Sources */ = {isa = PBXBuildFile; fileRef = FA55193027060582000F2E89 /* HomeView.swift */; };
		FA551938270605FD000F2E89 /* ContentModel.swift in Sources */ = {isa = PBXBuildFile; fileRef = FA551937270605FD000F2E89 /* ContentModel.swift */; };
		FA55193B27061EE5000F2E89 /* data.json in Resources */ = {isa = PBXBuildFile; fileRef = FA55193927061EE4000F2E89 /* data.json */; };
		FA55193C27061EE5000F2E89 /* style.html in Resources */ = {isa = PBXBuildFile; fileRef = FA55193A27061EE4000F2E89 /* style.html */; };
		FA55193E270620C8000F2E89 /* Models.swift in Sources */ = {isa = PBXBuildFile; fileRef = FA55193D270620C8000F2E89 /* Models.swift */; };
		FA55194027062A21000F2E89 /* HomeViewRow.swift in Sources */ = {isa = PBXBuildFile; fileRef = FA55193F27062A21000F2E89 /* HomeViewRow.swift */; };
		FA61CA002706D0EB0026BC14 /* ContentView.swift in Sources */ = {isa = PBXBuildFile; fileRef = FA61C9FF2706D0EB0026BC14 /* ContentView.swift */; };
		FA61CA022706D79A0026BC14 /* ContentViewRow.swift in Sources */ = {isa = PBXBuildFile; fileRef = FA61CA012706D79A0026BC14 /* ContentViewRow.swift */; };
		FA61CA042706DC3B0026BC14 /* ContentDetailView.swift in Sources */ = {isa = PBXBuildFile; fileRef = FA61CA032706DC3B0026BC14 /* ContentDetailView.swift */; };
		FA61CA092706E1800026BC14 /* Constants.swift in Sources */ = {isa = PBXBuildFile; fileRef = FA61CA082706E1800026BC14 /* Constants.swift */; };
		FA61CA2E270745600026BC14 /* CodeTextView.swift in Sources */ = {isa = PBXBuildFile; fileRef = FA61CA2D270745600026BC14 /* CodeTextView.swift */; };
		FAE83FD3270B6D35004F5C6A /* TestResultView.swift in Sources */ = {isa = PBXBuildFile; fileRef = FAE83FD2270B6D35004F5C6A /* TestResultView.swift */; };
		FAF0D6452707719700F2B376 /* RectangleCard.swift in Sources */ = {isa = PBXBuildFile; fileRef = FAF0D6442707719700F2B376 /* RectangleCard.swift */; };
		FAF0D6472707726A00F2B376 /* TestView.swift in Sources */ = {isa = PBXBuildFile; fileRef = FAF0D6462707726A00F2B376 /* TestView.swift */; };
		FAF0D64B270777B500F2B376 /* AVKit.framework in Frameworks */ = {isa = PBXBuildFile; fileRef = FA61CA062706E0470026BC14 /* AVKit.framework */; };
/* End PBXBuildFile section */

/* Begin PBXFileReference section */
		FA55191F27060545000F2E89 /* LearningApp.app */ = {isa = PBXFileReference; explicitFileType = wrapper.application; includeInIndex = 0; path = LearningApp.app; sourceTree = BUILT_PRODUCTS_DIR; };
		FA55192227060545000F2E89 /* LearningApp.swift */ = {isa = PBXFileReference; lastKnownFileType = sourcecode.swift; path = LearningApp.swift; sourceTree = "<group>"; };
		FA55192627060546000F2E89 /* Assets.xcassets */ = {isa = PBXFileReference; lastKnownFileType = folder.assetcatalog; path = Assets.xcassets; sourceTree = "<group>"; };
		FA55192927060546000F2E89 /* Preview Assets.xcassets */ = {isa = PBXFileReference; lastKnownFileType = folder.assetcatalog; path = "Preview Assets.xcassets"; sourceTree = "<group>"; };
		FA55193027060582000F2E89 /* HomeView.swift */ = {isa = PBXFileReference; lastKnownFileType = sourcecode.swift; path = HomeView.swift; sourceTree = "<group>"; };
		FA551937270605FD000F2E89 /* ContentModel.swift */ = {isa = PBXFileReference; lastKnownFileType = sourcecode.swift; path = ContentModel.swift; sourceTree = "<group>"; };
		FA55193927061EE4000F2E89 /* data.json */ = {isa = PBXFileReference; fileEncoding = 4; lastKnownFileType = text.json; path = data.json; sourceTree = "<group>"; };
		FA55193A27061EE4000F2E89 /* style.html */ = {isa = PBXFileReference; fileEncoding = 4; lastKnownFileType = text.html; path = style.html; sourceTree = "<group>"; };
		FA55193D270620C8000F2E89 /* Models.swift */ = {isa = PBXFileReference; lastKnownFileType = sourcecode.swift; path = Models.swift; sourceTree = "<group>"; };
		FA55193F27062A21000F2E89 /* HomeViewRow.swift */ = {isa = PBXFileReference; lastKnownFileType = sourcecode.swift; path = HomeViewRow.swift; sourceTree = "<group>"; };
		FA61C9FF2706D0EB0026BC14 /* ContentView.swift */ = {isa = PBXFileReference; lastKnownFileType = sourcecode.swift; path = ContentView.swift; sourceTree = "<group>"; };
		FA61CA012706D79A0026BC14 /* ContentViewRow.swift */ = {isa = PBXFileReference; lastKnownFileType = sourcecode.swift; path = ContentViewRow.swift; sourceTree = "<group>"; };
		FA61CA032706DC3B0026BC14 /* ContentDetailView.swift */ = {isa = PBXFileReference; lastKnownFileType = sourcecode.swift; path = ContentDetailView.swift; sourceTree = "<group>"; };
		FA61CA062706E0470026BC14 /* AVKit.framework */ = {isa = PBXFileReference; lastKnownFileType = wrapper.framework; name = AVKit.framework; path = System/Library/Frameworks/AVKit.framework; sourceTree = SDKROOT; };
		FA61CA082706E1800026BC14 /* Constants.swift */ = {isa = PBXFileReference; lastKnownFileType = sourcecode.swift; path = Constants.swift; sourceTree = "<group>"; };
		FA61CA2D270745600026BC14 /* CodeTextView.swift */ = {isa = PBXFileReference; lastKnownFileType = sourcecode.swift; path = CodeTextView.swift; sourceTree = "<group>"; };
		FAE83FD2270B6D35004F5C6A /* TestResultView.swift */ = {isa = PBXFileReference; lastKnownFileType = sourcecode.swift; path = TestResultView.swift; sourceTree = "<group>"; };
		FAF0D6442707719700F2B376 /* RectangleCard.swift */ = {isa = PBXFileReference; lastKnownFileType = sourcecode.swift; path = RectangleCard.swift; sourceTree = "<group>"; };
		FAF0D6462707726A00F2B376 /* TestView.swift */ = {isa = PBXFileReference; lastKnownFileType = sourcecode.swift; path = TestView.swift; sourceTree = "<group>"; };
		FAF0D6492707776D00F2B376 /* AVFoundation.framework */ = {isa = PBXFileReference; lastKnownFileType = wrapper.framework; name = AVFoundation.framework; path = System/Library/Frameworks/AVFoundation.framework; sourceTree = SDKROOT; };
/* End PBXFileReference section */

/* Begin PBXFrameworksBuildPhase section */
		FA55191C27060545000F2E89 /* Frameworks */ = {
			isa = PBXFrameworksBuildPhase;
			buildActionMask = 2147483647;
			files = (
				FAF0D64B270777B500F2B376 /* AVKit.framework in Frameworks */,
			);
			runOnlyForDeploymentPostprocessing = 0;
		};
/* End PBXFrameworksBuildPhase section */

/* Begin PBXGroup section */
		FA55191627060545000F2E89 = {
			isa = PBXGroup;
			children = (
				FA55192127060545000F2E89 /* LearningApp */,
				FA55192027060545000F2E89 /* Products */,
				FA61CA052706E0470026BC14 /* Frameworks */,
			);
			sourceTree = "<group>";
		};
		FA55192027060545000F2E89 /* Products */ = {
			isa = PBXGroup;
			children = (
				FA55191F27060545000F2E89 /* LearningApp.app */,
			);
			name = Products;
			sourceTree = "<group>";
		};
		FA55192127060545000F2E89 /* LearningApp */ = {
			isa = PBXGroup;
			children = (
				FA55192227060545000F2E89 /* LearningApp.swift */,
				FA551932270605A5000F2E89 /* Views */,
				FA551933270605AE000F2E89 /* ViewModels */,
				FA551934270605B5000F2E89 /* Models */,
				FA551935270605BA000F2E89 /* Resources */,
				FA551936270605C5000F2E89 /* Helpers */,
				FA55192627060546000F2E89 /* Assets.xcassets */,
				FA55192827060546000F2E89 /* Preview Content */,
			);
			path = LearningApp;
			sourceTree = "<group>";
		};
		FA55192827060546000F2E89 /* Preview Content */ = {
			isa = PBXGroup;
			children = (
				FA55192927060546000F2E89 /* Preview Assets.xcassets */,
			);
			path = "Preview Content";
			sourceTree = "<group>";
		};
		FA551932270605A5000F2E89 /* Views */ = {
			isa = PBXGroup;
			children = (
				FA55193027060582000F2E89 /* HomeView.swift */,
				FA55193F27062A21000F2E89 /* HomeViewRow.swift */,
				FA61C9FF2706D0EB0026BC14 /* ContentView.swift */,
				FA61CA012706D79A0026BC14 /* ContentViewRow.swift */,
				FA61CA032706DC3B0026BC14 /* ContentDetailView.swift */,
				FAF0D6462707726A00F2B376 /* TestView.swift */,
				FAE83FD2270B6D35004F5C6A /* TestResultView.swift */,
				FA61CA2D270745600026BC14 /* CodeTextView.swift */,
				FAF0D6442707719700F2B376 /* RectangleCard.swift */,
			);
			path = Views;
			sourceTree = "<group>";
		};
		FA551933270605AE000F2E89 /* ViewModels */ = {
			isa = PBXGroup;
			children = (
				FA551937270605FD000F2E89 /* ContentModel.swift */,
			);
			path = ViewModels;
			sourceTree = "<group>";
		};
		FA551934270605B5000F2E89 /* Models */ = {
			isa = PBXGroup;
			children = (
				FA55193D270620C8000F2E89 /* Models.swift */,
			);
			path = Models;
			sourceTree = "<group>";
		};
		FA551935270605BA000F2E89 /* Resources */ = {
			isa = PBXGroup;
			children = (
				FA55193927061EE4000F2E89 /* data.json */,
				FA55193A27061EE4000F2E89 /* style.html */,
				FA61CA082706E1800026BC14 /* Constants.swift */,
			);
			path = Resources;
			sourceTree = "<group>";
		};
		FA551936270605C5000F2E89 /* Helpers */ = {
			isa = PBXGroup;
			children = (
			);
			path = Helpers;
			sourceTree = "<group>";
		};
		FA61CA052706E0470026BC14 /* Frameworks */ = {
			isa = PBXGroup;
			children = (
				FAF0D6492707776D00F2B376 /* AVFoundation.framework */,
				FA61CA062706E0470026BC14 /* AVKit.framework */,
			);
			name = Frameworks;
			sourceTree = "<group>";
		};
/* End PBXGroup section */

/* Begin PBXNativeTarget section */
		FA55191E27060545000F2E89 /* LearningApp */ = {
			isa = PBXNativeTarget;
			buildConfigurationList = FA55192D27060546000F2E89 /* Build configuration list for PBXNativeTarget "LearningApp" */;
			buildPhases = (
				FA55191B27060545000F2E89 /* Sources */,
				FA55191C27060545000F2E89 /* Frameworks */,
				FA55191D27060545000F2E89 /* Resources */,
			);
			buildRules = (
			);
			dependencies = (
			);
			name = LearningApp;
			productName = LearningApp;
			productReference = FA55191F27060545000F2E89 /* LearningApp.app */;
			productType = "com.apple.product-type.application";
		};
/* End PBXNativeTarget section */

/* Begin PBXProject section */
		FA55191727060545000F2E89 /* Project object */ = {
			isa = PBXProject;
			attributes = {
				BuildIndependentTargetsInParallel = 1;
				LastSwiftUpdateCheck = 1300;
				LastUpgradeCheck = 1300;
				TargetAttributes = {
					FA55191E27060545000F2E89 = {
						CreatedOnToolsVersion = 13.0;
					};
				};
			};
			buildConfigurationList = FA55191A27060545000F2E89 /* Build configuration list for PBXProject "LearningApp" */;
			compatibilityVersion = "Xcode 13.0";
			developmentRegion = en;
			hasScannedForEncodings = 0;
			knownRegions = (
				en,
				Base,
			);
			mainGroup = FA55191627060545000F2E89;
			productRefGroup = FA55192027060545000F2E89 /* Products */;
			projectDirPath = "";
			projectRoot = "";
			targets = (
				FA55191E27060545000F2E89 /* LearningApp */,
			);
		};
/* End PBXProject section */

/* Begin PBXResourcesBuildPhase section */
		FA55191D27060545000F2E89 /* Resources */ = {
			isa = PBXResourcesBuildPhase;
			buildActionMask = 2147483647;
			files = (
				FA55192A27060546000F2E89 /* Preview Assets.xcassets in Resources */,
				FA55193B27061EE5000F2E89 /* data.json in Resources */,
				FA55193C27061EE5000F2E89 /* style.html in Resources */,
				FA55192727060546000F2E89 /* Assets.xcassets in Resources */,
			);
			runOnlyForDeploymentPostprocessing = 0;
		};
/* End PBXResourcesBuildPhase section */

/* Begin PBXSourcesBuildPhase section */
		FA55191B27060545000F2E89 /* Sources */ = {
			isa = PBXSourcesBuildPhase;
			buildActionMask = 2147483647;
			files = (
				FAF0D6472707726A00F2B376 /* TestView.swift in Sources */,
				FAE83FD3270B6D35004F5C6A /* TestResultView.swift in Sources */,
				FA55192327060545000F2E89 /* LearningApp.swift in Sources */,
				FA55194027062A21000F2E89 /* HomeViewRow.swift in Sources */,
				FA61CA002706D0EB0026BC14 /* ContentView.swift in Sources */,
				FA61CA042706DC3B0026BC14 /* ContentDetailView.swift in Sources */,
				FA55193127060582000F2E89 /* HomeView.swift in Sources */,
				FA61CA022706D79A0026BC14 /* ContentViewRow.swift in Sources */,
				FA61CA2E270745600026BC14 /* CodeTextView.swift in Sources */,
				FA551938270605FD000F2E89 /* ContentModel.swift in Sources */,
				FA55193E270620C8000F2E89 /* Models.swift in Sources */,
				FAF0D6452707719700F2B376 /* RectangleCard.swift in Sources */,
				FA61CA092706E1800026BC14 /* Constants.swift in Sources */,
			);
			runOnlyForDeploymentPostprocessing = 0;
		};
/* End PBXSourcesBuildPhase section */

/* Begin XCBuildConfiguration section */
		FA55192B27060546000F2E89 /* Debug */ = {
			isa = XCBuildConfiguration;
			buildSettings = {
				ALWAYS_SEARCH_USER_PATHS = NO;
				CLANG_ANALYZER_NONNULL = YES;
				CLANG_ANALYZER_NUMBER_OBJECT_CONVERSION = YES_AGGRESSIVE;
				CLANG_CXX_LANGUAGE_STANDARD = "gnu++17";
				CLANG_CXX_LIBRARY = "libc++";
				CLANG_ENABLE_MODULES = YES;
				CLANG_ENABLE_OBJC_ARC = YES;
				CLANG_ENABLE_OBJC_WEAK = YES;
				CLANG_WARN_BLOCK_CAPTURE_AUTORELEASING = YES;
				CLANG_WARN_BOOL_CONVERSION = YES;
				CLANG_WARN_COMMA = YES;
				CLANG_WARN_CONSTANT_CONVERSION = YES;
				CLANG_WARN_DEPRECATED_OBJC_IMPLEMENTATIONS = YES;
				CLANG_WARN_DIRECT_OBJC_ISA_USAGE = YES_ERROR;
				CLANG_WARN_DOCUMENTATION_COMMENTS = YES;
				CLANG_WARN_EMPTY_BODY = YES;
				CLANG_WARN_ENUM_CONVERSION = YES;
				CLANG_WARN_INFINITE_RECURSION = YES;
				CLANG_WARN_INT_CONVERSION = YES;
				CLANG_WARN_NON_LITERAL_NULL_CONVERSION = YES;
				CLANG_WARN_OBJC_IMPLICIT_RETAIN_SELF = YES;
				CLANG_WARN_OBJC_LITERAL_CONVERSION = YES;
				CLANG_WARN_OBJC_ROOT_CLASS = YES_ERROR;
				CLANG_WARN_QUOTED_INCLUDE_IN_FRAMEWORK_HEADER = YES;
				CLANG_WARN_RANGE_LOOP_ANALYSIS = YES;
				CLANG_WARN_STRICT_PROTOTYPES = YES;
				CLANG_WARN_SUSPICIOUS_MOVE = YES;
				CLANG_WARN_UNGUARDED_AVAILABILITY = YES_AGGRESSIVE;
				CLANG_WARN_UNREACHABLE_CODE = YES;
				CLANG_WARN__DUPLICATE_METHOD_MATCH = YES;
				COPY_PHASE_STRIP = NO;
				DEBUG_INFORMATION_FORMAT = dwarf;
				ENABLE_STRICT_OBJC_MSGSEND = YES;
				ENABLE_TESTABILITY = YES;
				GCC_C_LANGUAGE_STANDARD = gnu11;
				GCC_DYNAMIC_NO_PIC = NO;
				GCC_NO_COMMON_BLOCKS = YES;
				GCC_OPTIMIZATION_LEVEL = 0;
				GCC_PREPROCESSOR_DEFINITIONS = (
					"DEBUG=1",
					"$(inherited)",
				);
				GCC_WARN_64_TO_32_BIT_CONVERSION = YES;
				GCC_WARN_ABOUT_RETURN_TYPE = YES_ERROR;
				GCC_WARN_UNDECLARED_SELECTOR = YES;
				GCC_WARN_UNINITIALIZED_AUTOS = YES_AGGRESSIVE;
				GCC_WARN_UNUSED_FUNCTION = YES;
				GCC_WARN_UNUSED_VARIABLE = YES;
				IPHONEOS_DEPLOYMENT_TARGET = 15.0;
				MTL_ENABLE_DEBUG_INFO = INCLUDE_SOURCE;
				MTL_FAST_MATH = YES;
				ONLY_ACTIVE_ARCH = YES;
				SDKROOT = iphoneos;
				SWIFT_ACTIVE_COMPILATION_CONDITIONS = DEBUG;
				SWIFT_OPTIMIZATION_LEVEL = "-Onone";
			};
			name = Debug;
		};
		FA55192C27060546000F2E89 /* Release */ = {
			isa = XCBuildConfiguration;
			buildSettings = {
				ALWAYS_SEARCH_USER_PATHS = NO;
				CLANG_ANALYZER_NONNULL = YES;
				CLANG_ANALYZER_NUMBER_OBJECT_CONVERSION = YES_AGGRESSIVE;
				CLANG_CXX_LANGUAGE_STANDARD = "gnu++17";
				CLANG_CXX_LIBRARY = "libc++";
				CLANG_ENABLE_MODULES = YES;
				CLANG_ENABLE_OBJC_ARC = YES;
				CLANG_ENABLE_OBJC_WEAK = YES;
				CLANG_WARN_BLOCK_CAPTURE_AUTORELEASING = YES;
				CLANG_WARN_BOOL_CONVERSION = YES;
				CLANG_WARN_COMMA = YES;
				CLANG_WARN_CONSTANT_CONVERSION = YES;
				CLANG_WARN_DEPRECATED_OBJC_IMPLEMENTATIONS = YES;
				CLANG_WARN_DIRECT_OBJC_ISA_USAGE = YES_ERROR;
				CLANG_WARN_DOCUMENTATION_COMMENTS = YES;
				CLANG_WARN_EMPTY_BODY = YES;
				CLANG_WARN_ENUM_CONVERSION = YES;
				CLANG_WARN_INFINITE_RECURSION = YES;
				CLANG_WARN_INT_CONVERSION = YES;
				CLANG_WARN_NON_LITERAL_NULL_CONVERSION = YES;
				CLANG_WARN_OBJC_IMPLICIT_RETAIN_SELF = YES;
				CLANG_WARN_OBJC_LITERAL_CONVERSION = YES;
				CLANG_WARN_OBJC_ROOT_CLASS = YES_ERROR;
				CLANG_WARN_QUOTED_INCLUDE_IN_FRAMEWORK_HEADER = YES;
				CLANG_WARN_RANGE_LOOP_ANALYSIS = YES;
				CLANG_WARN_STRICT_PROTOTYPES = YES;
				CLANG_WARN_SUSPICIOUS_MOVE = YES;
				CLANG_WARN_UNGUARDED_AVAILABILITY = YES_AGGRESSIVE;
				CLANG_WARN_UNREACHABLE_CODE = YES;
				CLANG_WARN__DUPLICATE_METHOD_MATCH = YES;
				COPY_PHASE_STRIP = NO;
				DEBUG_INFORMATION_FORMAT = "dwarf-with-dsym";
				ENABLE_NS_ASSERTIONS = NO;
				ENABLE_STRICT_OBJC_MSGSEND = YES;
				GCC_C_LANGUAGE_STANDARD = gnu11;
				GCC_NO_COMMON_BLOCKS = YES;
				GCC_WARN_64_TO_32_BIT_CONVERSION = YES;
				GCC_WARN_ABOUT_RETURN_TYPE = YES_ERROR;
				GCC_WARN_UNDECLARED_SELECTOR = YES;
				GCC_WARN_UNINITIALIZED_AUTOS = YES_AGGRESSIVE;
				GCC_WARN_UNUSED_FUNCTION = YES;
				GCC_WARN_UNUSED_VARIABLE = YES;
				IPHONEOS_DEPLOYMENT_TARGET = 15.0;
				MTL_ENABLE_DEBUG_INFO = NO;
				MTL_FAST_MATH = YES;
				SDKROOT = iphoneos;
				SWIFT_COMPILATION_MODE = wholemodule;
				SWIFT_OPTIMIZATION_LEVEL = "-O";
				VALIDATE_PRODUCT = YES;
			};
			name = Release;
		};
		FA55192E27060546000F2E89 /* Debug */ = {
			isa = XCBuildConfiguration;
			buildSettings = {
				ASSETCATALOG_COMPILER_APPICON_NAME = AppIcon;
				ASSETCATALOG_COMPILER_GLOBAL_ACCENT_COLOR_NAME = AccentColor;
				CODE_SIGN_STYLE = Automatic;
				CURRENT_PROJECT_VERSION = 1;
				DEVELOPMENT_ASSET_PATHS = "\"LearningApp/Preview Content\"";
				DEVELOPMENT_TEAM = 6TKT435P79;
				ENABLE_PREVIEWS = YES;
				GENERATE_INFOPLIST_FILE = YES;
				INFOPLIST_FILE = LearningApp/Info.plist;
				INFOPLIST_KEY_UIApplicationSceneManifest_Generation = YES;
				INFOPLIST_KEY_UIApplicationSupportsIndirectInputEvents = YES;
				INFOPLIST_KEY_UILaunchScreen_Generation = YES;
				INFOPLIST_KEY_UISupportedInterfaceOrientations_iPad = "UIInterfaceOrientationPortrait UIInterfaceOrientationPortraitUpsideDown UIInterfaceOrientationLandscapeLeft UIInterfaceOrientationLandscapeRight";
				INFOPLIST_KEY_UISupportedInterfaceOrientations_iPhone = "UIInterfaceOrientationPortrait UIInterfaceOrientationLandscapeLeft UIInterfaceOrientationLandscapeRight";
				IPHONEOS_DEPLOYMENT_TARGET = 14.0;
				LD_RUNPATH_SEARCH_PATHS = (
					"$(inherited)",
					"@executable_path/Frameworks",
				);
				MARKETING_VERSION = 1.0;
				PRODUCT_BUNDLE_IDENTIFIER = com.alexcannizzo.LearningApp;
				PRODUCT_NAME = "$(TARGET_NAME)";
				SWIFT_EMIT_LOC_STRINGS = YES;
				SWIFT_VERSION = 5.0;
				TARGETED_DEVICE_FAMILY = "1,2";
			};
			name = Debug;
		};
		FA55192F27060546000F2E89 /* Release */ = {
			isa = XCBuildConfiguration;
			buildSettings = {
				ASSETCATALOG_COMPILER_APPICON_NAME = AppIcon;
				ASSETCATALOG_COMPILER_GLOBAL_ACCENT_COLOR_NAME = AccentColor;
				CODE_SIGN_STYLE = Automatic;
				CURRENT_PROJECT_VERSION = 1;
				DEVELOPMENT_ASSET_PATHS = "\"LearningApp/Preview Content\"";
				DEVELOPMENT_TEAM = 6TKT435P79;
				ENABLE_PREVIEWS = YES;
				GENERATE_INFOPLIST_FILE = YES;
				INFOPLIST_FILE = LearningApp/Info.plist;
				INFOPLIST_KEY_UIApplicationSceneManifest_Generation = YES;
				INFOPLIST_KEY_UIApplicationSupportsIndirectInputEvents = YES;
				INFOPLIST_KEY_UILaunchScreen_Generation = YES;
				INFOPLIST_KEY_UISupportedInterfaceOrientations_iPad = "UIInterfaceOrientationPortrait UIInterfaceOrientationPortraitUpsideDown UIInterfaceOrientationLandscapeLeft UIInterfaceOrientationLandscapeRight";
				INFOPLIST_KEY_UISupportedInterfaceOrientations_iPhone = "UIInterfaceOrientationPortrait UIInterfaceOrientationLandscapeLeft UIInterfaceOrientationLandscapeRight";
				IPHONEOS_DEPLOYMENT_TARGET = 14.0;
				LD_RUNPATH_SEARCH_PATHS = (
					"$(inherited)",
					"@executable_path/Frameworks",
				);
				MARKETING_VERSION = 1.0;
				PRODUCT_BUNDLE_IDENTIFIER = com.alexcannizzo.LearningApp;
				PRODUCT_NAME = "$(TARGET_NAME)";
				SWIFT_EMIT_LOC_STRINGS = YES;
				SWIFT_VERSION = 5.0;
				TARGETED_DEVICE_FAMILY = "1,2";
			};
			name = Release;
		};
/* End XCBuildConfiguration section */

/* Begin XCConfigurationList section */
		FA55191A27060545000F2E89 /* Build configuration list for PBXProject "LearningApp" */ = {
			isa = XCConfigurationList;
			buildConfigurations = (
				FA55192B27060546000F2E89 /* Debug */,
				FA55192C27060546000F2E89 /* Release */,
			);
			defaultConfigurationIsVisible = 0;
			defaultConfigurationName = Release;
		};
		FA55192D27060546000F2E89 /* Build configuration list for PBXNativeTarget "LearningApp" */ = {
			isa = XCConfigurationList;
			buildConfigurations = (
				FA55192E27060546000F2E89 /* Debug */,
				FA55192F27060546000F2E89 /* Release */,
			);
			defaultConfigurationIsVisible = 0;
			defaultConfigurationName = Release;
		};
/* End XCConfigurationList section */
	};
	rootObject = FA55191727060545000F2E89 /* Project object */;
}
